PODS:
  - Flutter (1.0.0)
  - flutter_naver_map (1.4.2):
    - Flutter
    - NMapsMap (= 3.23.0)
  - NMapsGeometry (1.0.2)
  - NMapsMap (3.23.0):
    - NMapsGeometry

DEPENDENCIES:
  - Flutter (from `Flutter`)
  - flutter_naver_map (from `.symlinks/plugins/flutter_naver_map/ios`)

SPEC REPOS:
  trunk:
    - NMapsGeometry
    - NMapsMap

EXTERNAL SOURCES:
  Flutter:
    :path: Flutter
  flutter_naver_map:
    :path: ".symlinks/plugins/flutter_naver_map/ios"

SPEC CHECKSUMS:
  Flutter: cabc95a1d2626b1b06e7179b784ebcf0c0cde467
  flutter_naver_map: d9f447f1271059759d4d5e38c3b347d7ab2ba835
  NMapsGeometry: 4e02554fa9880ef02ed96b075dc84355d6352479
  NMapsMap: 1964e6f9073301ad3cbe3a12235ba36f6f6cd905

PODFILE CHECKSUM: 3c63482e143d1b91d2d2560aee9fb04ecc74ac7e

COCOAPODS: 1.16.2
